
Microsoft Visual Studio Solution File, Format Version 12.00
# Visual Studio Version 17
VisualStudioVersion = 17.6.33815.320
MinimumVisualStudioVersion = 10.0.40219.1
Project("{FAE04EC0-301F-11D3-BF4B-00C04F79EFBC}") = "converter", "converter\converter.csproj", "{D0AD7C17-A5E8-4F42-8573-163CF8F7A3EA}"
EndProject
Global
	GlobalSection(SolutionConfigurationPlatforms) = preSolution
		Debug|Any CPU = Debug|Any CPU
		Release|Any CPU = Release|Any CPU
	EndGlobalSection
	GlobalSection(ProjectConfigurationPlatforms) = postSolution
		{D0AD7C17-A5E8-4F42-8573-163CF8F7A3EA}.Debug|Any CPU.ActiveCfg = Debug|Any CPU
		{D0AD7C17-A5E8-4F42-8573-163CF8F7A3EA}.Debug|Any CPU.Build.0 = Debug|Any CPU
		{D0AD7C17-A5E8-4F42-8573-163CF8F7A3EA}.Release|Any CPU.ActiveCfg = Release|Any CPU
		{D0AD7C17-A5E8-4F42-8573-163CF8F7A3EA}.Release|Any CPU.Build.0 = Release|Any CPU
	EndGlobalSection
	GlobalSection(SolutionProperties) = preSolution
		HideSolutionNode = FALSE
	EndGlobalSection
	GlobalSection(ExtensibilityGlobals) = postSolution
		SolutionGuid = {AE0E9C3F-4A2B-4EF5-BB5F-78A89F969DC1}
	EndGlobalSection
EndGlobal
